
Microsoft Visual Studio Solution File, Format Version 12.00
# Visual Studio Version 17
VisualStudioVersion = 17.0.31611.283
MinimumVisualStudioVersion = 10.0.40219.1
Project("{9A19103F-16F7-4668-BE54-9A1E7A4F7556}") = "LostAndFound", "LostAndFound\LostAndFound.csproj", "{F4C697A0-DA07-4CF5-9678-C30C0207E829}"
EndProject
Project("{9A19103F-16F7-4668-BE54-9A1E7A4F7556}") = "LostFoundServer", "LostFoundServer\LostFoundServer.csproj", "{16C396C3-A732-485F-8455-8080BA1840C8}"
EndProject
Project("{9A19103F-16F7-4668-BE54-9A1E7A4F7556}") = "LostFoundDemo", "LostFoundDemo\LostFoundDemo.csproj", "{C41E1EB6-667B-480E-9743-AB6BB2EC4B0F}"
EndProject
Project("{888888A0-9F3D-457C-B088-3A5042F75D52}") = "InitiativeServer", "InitiativeServer\InitiativeServer.pyproj", "{DAC1704E-3DDA-4009-9462-7EAFBB03AFE6}"
EndProject
Project("{888888A0-9F3D-457C-B088-3A5042F75D52}") = "InitiativeClient", "InitiativeClient\InitiativeClient.pyproj", "{2563A883-D2FF-488D-B3E8-89155EBF6C34}"
EndProject
Project("{888888A0-9F3D-457C-B088-3A5042F75D52}") = "InitiativeDemo", "InitiativeDemo\InitiativeDemo.pyproj", "{E84D2557-8897-40FC-B53E-9B848C125A0B}"
EndProject
Global
	GlobalSection(SolutionConfigurationPlatforms) = preSolution
		Debug|Any CPU = Debug|Any CPU
		Release|Any CPU = Release|Any CPU
	EndGlobalSection
	GlobalSection(ProjectConfigurationPlatforms) = postSolution
		{F4C697A0-DA07-4CF5-9678-C30C0207E829}.Debug|Any CPU.ActiveCfg = Debug|Any CPU
		{F4C697A0-DA07-4CF5-9678-C30C0207E829}.Debug|Any CPU.Build.0 = Debug|Any CPU
		{F4C697A0-DA07-4CF5-9678-C30C0207E829}.Debug|Any CPU.Deploy.0 = Debug|Any CPU
		{F4C697A0-DA07-4CF5-9678-C30C0207E829}.Release|Any CPU.ActiveCfg = Release|Any CPU
		{F4C697A0-DA07-4CF5-9678-C30C0207E829}.Release|Any CPU.Build.0 = Release|Any CPU
		{F4C697A0-DA07-4CF5-9678-C30C0207E829}.Release|Any CPU.Deploy.0 = Release|Any CPU
		{16C396C3-A732-485F-8455-8080BA1840C8}.Debug|Any CPU.ActiveCfg = Debug|Any CPU
		{16C396C3-A732-485F-8455-8080BA1840C8}.Debug|Any CPU.Build.0 = Debug|Any CPU
		{16C396C3-A732-485F-8455-8080BA1840C8}.Release|Any CPU.ActiveCfg = Release|Any CPU
		{16C396C3-A732-485F-8455-8080BA1840C8}.Release|Any CPU.Build.0 = Release|Any CPU
		{C41E1EB6-667B-480E-9743-AB6BB2EC4B0F}.Debug|Any CPU.ActiveCfg = Debug|Any CPU
		{C41E1EB6-667B-480E-9743-AB6BB2EC4B0F}.Debug|Any CPU.Build.0 = Debug|Any CPU
		{C41E1EB6-667B-480E-9743-AB6BB2EC4B0F}.Release|Any CPU.ActiveCfg = Release|Any CPU
		{C41E1EB6-667B-480E-9743-AB6BB2EC4B0F}.Release|Any CPU.Build.0 = Release|Any CPU
		{DAC1704E-3DDA-4009-9462-7EAFBB03AFE6}.Debug|Any CPU.ActiveCfg = Debug|Any CPU
		{DAC1704E-3DDA-4009-9462-7EAFBB03AFE6}.Release|Any CPU.ActiveCfg = Release|Any CPU
		{2563A883-D2FF-488D-B3E8-89155EBF6C34}.Debug|Any CPU.ActiveCfg = Debug|Any CPU
		{2563A883-D2FF-488D-B3E8-89155EBF6C34}.Release|Any CPU.ActiveCfg = Release|Any CPU
		{E84D2557-8897-40FC-B53E-9B848C125A0B}.Debug|Any CPU.ActiveCfg = Debug|Any CPU
		{E84D2557-8897-40FC-B53E-9B848C125A0B}.Release|Any CPU.ActiveCfg = Release|Any CPU
	EndGlobalSection
	GlobalSection(SolutionProperties) = preSolution
		HideSolutionNode = FALSE
	EndGlobalSection
	GlobalSection(ExtensibilityGlobals) = postSolution
		SolutionGuid = {61F7FB11-1E47-470C-91E2-47F8143E1572}
	EndGlobalSection
EndGlobal
